---
lockfileVersion: '9.0'

importers:

  .:
    configDependencies: {}
    packageManagerDependencies:
      pnpm:
        specifier: 12.8.1
        version: 12.8.1

packages:

  '@pnpm/exe.android-arm64@12.8.1':
    resolution: {integrity: sha512-siDxcidfz5eM6L2tJfik+i2bbUEw8UC7MZ3Yl2HYdRmqbdhHGAOQACtOOu6QVW4Jul4/w5wVKm+wM8ACtgh1Pg==}
    cpu: [arm64]
    os: [android]

  '@pnpm/exe.android-x64@12.8.1':
    resolution: {integrity: sha512-0F/uqPRc3aN4vLHsa0f+6fTtmsigFQ9/yxEU43fionF//pNHEd5e97b3w/nKIgqYMCUQCJphmBRMA9Q8/wlo9Q==}
    cpu: [x64]
    os: [android]

  '@pnpm/exe.darwin-arm64@12.8.1':
    resolution: {integrity: sha512-/rwavvMQJsl2RIxOHBnDF+4Gk+fhQFAY4M3PQZoKskJOEnaJcygG9p1xby6wcQcbS4d9dIubv09CQhufTgfmpw==}
    cpu: [arm64]
    os: [darwin]

  '@pnpm/exe.darwin-x64@12.8.1':
    resolution: {integrity: sha512-htYt2gN7zqJKLhC99Ft6EUiO7myjZAZXfmGCTJUL1v+o7vE9hZdE1+fAkk4Oj1ZHNRti6b2woOxEkRkAusi8OQ==}
    cpu: [x64]
    os: [darwin]

  '@pnpm/exe.freebsd-x64@12.8.1':
    resolution: {integrity: sha512-PB5BULNgytxvExoOXUUeseS/DcpPENs+cg3iA6xHHeaLT4ctEGKSGXEbuj7USeqvo8JBpAx039hivnbzGqDwnA==}
    cpu: [x64]
    os: [freebsd]

  '@pnpm/exe.linux-arm64-musl@12.8.1':
    resolution: {integrity: sha512-kKeyC/ArjrgdciQRBrOL0j9HtOI4gDRgoyP+eJ1CQKyadpKlf/DhDDyspXe07R3B9KagTVLUF2nlt6Dr5quFIg==}
    cpu: [arm64]
    os: [linux]
    libc: [musl]

  '@pnpm/exe.linux-arm64@12.8.1':
    resolution: {integrity: sha512-q4s9a9X2O3N9aeUFooW24orNrxvu20+jyVUFR5RanPCqOKKPBrgs2iywMkBBx1aXkkzdWT54/mfz8Be8sJlWEw==}
    cpu: [arm64]
    os: [linux]
    libc: [glibc]

  '@pnpm/exe.linux-ppc64@12.8.1':
    resolution: {integrity: sha512-F7XSjKJthwCh/L6abZiMpAfo2Cm61SZIT3e4dfgiIjESndlWaXCnfLKngSgZ/SEMsdmHT6dud3+kWIB3tw0/xQ==}
    cpu: [ppc64]
    os: [linux]
    libc: [glibc]

  '@pnpm/exe.linux-riscv64@12.8.1':
    resolution: {integrity: sha512-z1ecpIK/ZY08Unk69KWWE9867oaKUytGUjrHnBoGFAAhsK+q+0cfvBH+f5fWobJ7FX97leMlLO+gkJolddM45Q==}
    cpu: [riscv64]
    os: [linux]
    libc: [glibc]

  '@pnpm/exe.linux-s390x@12.8.1':
    resolution: {integrity: sha512-KU6tnrBfu4uKXTq6N5qJwSm8FSrs9Wc8b5AUEsHK9bRXwNdsZ1/lRxG1++X29SKRW9OSNuDSjxASv5mAvGo1gA==}
    cpu: [s390x]
    os: [linux]
    libc: [glibc]

  '@pnpm/exe.linux-x64-musl@12.8.1':
    resolution: {integrity: sha512-eUE8BWJkDr2tJb/yrk0yVnszlmNqFarVxUlqiZ9BAkct28Nq/5g2H0tvMDmPA7fAQW3STNj+omJPPRVT+4s5sQ==}
    cpu: [x64]
    os: [linux]
    libc: [musl]

  '@pnpm/exe.linux-x64@12.8.1':
    resolution: {integrity: sha512-8bDZ0lZlCdi2rvnFul7EYgcC7zKeWSe76y8JV2oXobaS8p9i9d6PSf6LgLtTM0fI7R9Oh4eLCbveXyNDMmvZ+g==}
    cpu: [x64]
    os: [linux]
    libc: [glibc]

  '@pnpm/exe.win32-arm64@12.8.1':
    resolution: {integrity: sha512-MsT0dlrRxnCRCHCaosNbhWpEiAFnFuMEu3KuDJDU41BXgTwiINxU8goloUSUDejWZUqKaUqNC/qUTihl9nFtqg==}
    cpu: [arm64]
    os: [win32]

  '@pnpm/exe.win32-x64@12.8.1':
    resolution: {integrity: sha512-SWtPe0PsbTTk//gJND10tMdOfCYjrkq5+qV49hzVhY7xz2iJ339Rc+xwASlcvbwTfrvH39YNqpKYibD+CRGLwA==}
    cpu: [x64]
    os: [win32]

  pnpm@12.8.1:
    resolution: {integrity: sha512-9kupB1B/XOr+BsjTjmBS0BeURFgOwSed3Vv8EctIqoomRLZlmOB+dh2oSHKp/FfV+QK4f6SdAkGY1VhhKqu+RQ==}
    engines: {node: '>=18.*'}
    hasBin: true

snapshots:

  '@pnpm/exe.android-arm64@12.8.1':
    optional: true

  '@pnpm/exe.android-x64@12.8.1':
    optional: true

  '@pnpm/exe.darwin-arm64@12.8.1':
    optional: true

  '@pnpm/exe.darwin-x64@12.8.1':
    optional: true

  '@pnpm/exe.freebsd-x64@12.8.1':
    optional: true

  '@pnpm/exe.linux-arm64-musl@12.8.1':
    optional: true

  '@pnpm/exe.linux-arm64@12.8.1':
    optional: true

  '@pnpm/exe.linux-ppc64@12.8.1':
    optional: true

  '@pnpm/exe.linux-riscv64@12.8.1':
    optional: true

  '@pnpm/exe.linux-s390x@12.8.1':
    optional: true

  '@pnpm/exe.linux-x64-musl@12.8.1':
    optional: true

  '@pnpm/exe.linux-x64@12.8.1':
    optional: true

  '@pnpm/exe.win32-arm64@12.8.1':
    optional: true

  '@pnpm/exe.win32-x64@12.8.1':
    optional: true

  pnpm@12.8.1:
    optionalDependencies:
      '@pnpm/exe.android-arm64': 12.8.1
      '@pnpm/exe.android-x64': 12.8.1
      '@pnpm/exe.darwin-arm64': 12.8.1
      '@pnpm/exe.darwin-x64': 12.8.1
      '@pnpm/exe.freebsd-x64': 12.8.1
      '@pnpm/exe.linux-arm64': 12.8.1
      '@pnpm/exe.linux-arm64-musl': 12.8.1
      '@pnpm/exe.linux-ppc64': 12.8.1
      '@pnpm/exe.linux-riscv64': 12.8.1
      '@pnpm/exe.linux-s390x': 12.8.1
      '@pnpm/exe.linux-x64': 12.8.1
      '@pnpm/exe.linux-x64-musl': 12.8.1
      '@pnpm/exe.win32-arm64': 12.8.1
      '@pnpm/exe.win32-x64': 12.8.1

---
lockfileVersion: '9.0'

settings:
  autoInstallPeers: true
  excludeLinksFromLockfile: false

importers:

  .:
    devDependencies:
      acorn:
        specifier: ^8.18.0
        version: 8.18.0
      terser:
        specifier: ^5.51.2
        version: 5.51.2
      typescript:
        specifier: ^5.9.3
        version: 5.9.3

packages:

  '@jridgewell/gen-mapping@0.3.13':
    resolution: {integrity: sha512-2kkt/7niJ6MgEPxF0bYdQ6etZaA+fQvDcLKckhy1yIQOzaoKjBBjSj63/aLVjYE3qhRt5dvM+uUyfCg6UKCBbA==}

  '@jridgewell/resolve-uri@3.1.2':
    resolution: {integrity: sha512-bRISgCIjP20/tbWSPWMEi54QVPRZExkuD9lJL+UIxUKtwVJA8wW1Trb1jMs1RFXo1CBTNZ/5hpC9QvmKWdopKw==}
    engines: {node: '>=6.0.0'}

  '@jridgewell/source-map@0.3.11':
    resolution: {integrity: sha512-ZMp1V8ZFcPG5dIWnQLr3NSI1MiCU7UETdS/A0G8V/XWHvJv3ZsFqutJn1Y5RPmAPX6F3BiE397OqveU/9NCuIA==}

  '@jridgewell/sourcemap-codec@1.6.0':
    resolution: {integrity: sha512-T7jf+5zgsZHwNJ4lvQ7/aezbyk0nNX+zJVWpmHA7VYsEx7a7qr5Rg5IbtJFqkgze5Y2sruq1RUY8Q837Od7iFw==}

  '@jridgewell/trace-mapping@0.3.31':
    resolution: {integrity: sha512-zzNR+SdQSDJzc8joaeP8QQoCQr8NuYx2dIIytl1QeBEZHJ9uW6hebsrYgbz8hJwUQao3TWCMtmfV8Nu1twOLAw==}

  acorn@8.18.0:
    resolution: {integrity: sha512-lGq+9yr1/GuAWaVYIHRjvvySG5/4VfKIvC8EWxStPdcDh/Ka7FG3twP6v4d5BkravUilhIAsG4Qj83t02LWUPQ==}
    engines: {node: '>=0.4.0'}
    hasBin: true

  buffer-from@1.1.2:
    resolution: {integrity: sha512-E+XQCRwSbaaiChtv6k6Dwgc+bx+Bs6vuKJHHl5kox/BaKbhiXzqQOwK4cO22yElGp2OCmjwVhT3HmxgyPGnJfQ==}

  commander@2.20.3:
    resolution: {integrity: sha512-GpVkmM8vF2vQUkj2LvZmD35JxeJOLCwJ9cUkugyk2nuhbv3+mJvpLYYt+0+USMxE+oj+ey/lJEnhZw75x/OMcQ==}

  source-map-support@0.5.21:
    resolution: {integrity: sha512-uBHU3L3czsIyYXKX88fdrGovxdSCoTGDRZ6SYXtSRxLZUzHg5P/66Ht6uoUlHu9EZod+inXhKo3qQgwXUT/y1w==}

  source-map@0.6.1:
    resolution: {integrity: sha512-UjgapumWlbMhkBgzT7Ykc5YXUT46F0iKu8SGXq0bcwP5dz/h0Plj6enJqjz1Zbq2l5WaqYnrVbwWOWMyF3F47g==}
    engines: {node: '>=0.10.0'}

  terser@5.51.2:
    resolution: {integrity: sha512-bWnjSNscmuI+GJze6ZupnHP8G/cTcsJF+bXCeQknk2SHQsgbNJnLrqiH9jZ2W4STPVXH2mDKKRX3iwPhc9Cn/Q==}
    engines: {node: '>=10'}
    hasBin: true

  typescript@5.9.3:
    resolution: {integrity: sha512-jl1vZzPDinLr9eUt3J/t7V6FgNEw9QjvBPdysz9KfQDD41fQrC2Y4vKQdiaUpFT4bXlb1RHhLpp8wtm6M5TgSw==}
    engines: {node: '>=14.17'}
    hasBin: true

snapshots:

  '@jridgewell/gen-mapping@0.3.13':
    dependencies:
      '@jridgewell/sourcemap-codec': 1.6.0
      '@jridgewell/trace-mapping': 0.3.31

  '@jridgewell/resolve-uri@3.1.2': {}

  '@jridgewell/source-map@0.3.11':
    dependencies:
      '@jridgewell/gen-mapping': 0.3.13
      '@jridgewell/trace-mapping': 0.3.31

  '@jridgewell/sourcemap-codec@1.6.0': {}

  '@jridgewell/trace-mapping@0.3.31':
    dependencies:
      '@jridgewell/resolve-uri': 3.1.2
      '@jridgewell/sourcemap-codec': 1.6.0

  acorn@8.18.0: {}

  buffer-from@1.1.2: {}

  commander@2.20.3: {}

  source-map-support@0.5.21:
    dependencies:
      buffer-from: 1.1.2
      source-map: 0.6.1

  source-map@0.6.1: {}

  terser@5.51.2:
    dependencies:
      '@jridgewell/source-map': 0.3.11
      acorn: 8.18.0
      commander: 2.20.3
      source-map-support: 0.5.21

  typescript@5.9.3: {}
